// !$*UTF8*$!
{
	archiveVersion = 1;
	classes = {
	};
	objectVersion = 46;
	objects = {

/* Begin PBXBuildFile section */
		18ED38B71C7354520060C6C5 /* AppDelegate.swift in Sources */ = {isa = PBXBuildFile; fileRef = 18ED38B61C7354520060C6C5 /* AppDelegate.swift */; };
		18ED38B91C7354520060C6C5 /* ViewController.swift in Sources */ = {isa = PBXBuildFile; fileRef = 18ED38B81C7354520060C6C5 /* ViewController.swift */; };
		18ED38BC1C7354520060C6C5 /* Main.storyboard in Resources */ = {isa = PBXBuildFile; fileRef = 18ED38BA1C7354520060C6C5 /* Main.storyboard */; };
		18ED38BF1C7354520060C6C5 /* ILoveFood.xcdatamodeld in Sources */ = {isa = PBXBuildFile; fileRef = 18ED38BD1C7354520060C6C5 /* ILoveFood.xcdatamodeld */; };
		18ED38C11C7354520060C6C5 /* Assets.xcassets in Resources */ = {isa = PBXBuildFile; fileRef = 18ED38C01C7354520060C6C5 /* Assets.xcassets */; };
		18ED38C41C7354520060C6C5 /* LaunchScreen.storyboard in Resources */ = {isa = PBXBuildFile; fileRef = 18ED38C21C7354520060C6C5 /* LaunchScreen.storyboard */; };
		18ED38D01C7367770060C6C5 /* Recipe+CoreDataProperties.swift in Sources */ = {isa = PBXBuildFile; fileRef = 18ED38CE1C7367770060C6C5 /* Recipe+CoreDataProperties.swift */; };
		18ED38D11C7367770060C6C5 /* Recipe.swift in Sources */ = {isa = PBXBuildFile; fileRef = 18ED38CF1C7367770060C6C5 /* Recipe.swift */; };
		18ED38D31C736C1A0060C6C5 /* RecipeCell.swift in Sources */ = {isa = PBXBuildFile; fileRef = 18ED38D21C736C1A0060C6C5 /* RecipeCell.swift */; };
		18ED38D51C73AAA80060C6C5 /* CreateRecipeVCViewController.swift in Sources */ = {isa = PBXBuildFile; fileRef = 18ED38D41C73AAA80060C6C5 /* CreateRecipeVCViewController.swift */; };
/* End PBXBuildFile section */

/* Begin PBXFileReference section */
		18ED38B31C7354520060C6C5 /* ILoveFood.app */ = {isa = PBXFileReference; explicitFileType = wrapper.application; includeInIndex = 0; path = ILoveFood.app; sourceTree = BUILT_PRODUCTS_DIR; };
		18ED38B61C7354520060C6C5 /* AppDelegate.swift */ = {isa = PBXFileReference; lastKnownFileType = sourcecode.swift; path = AppDelegate.swift; sourceTree = "<group>"; };
		18ED38B81C7354520060C6C5 /* ViewController.swift */ = {isa = PBXFileReference; lastKnownFileType = sourcecode.swift; path = ViewController.swift; sourceTree = "<group>"; };
		18ED38BB1C7354520060C6C5 /* Base */ = {isa = PBXFileReference; lastKnownFileType = file.storyboard; name = Base; path = Base.lproj/Main.storyboard; sourceTree = "<group>"; };
		18ED38BE1C7354520060C6C5 /* ILoveFood.xcdatamodel */ = {isa = PBXFileReference; lastKnownFileType = wrapper.xcdatamodel; path = ILoveFood.xcdatamodel; sourceTree = "<group>"; };
		18ED38C01C7354520060C6C5 /* Assets.xcassets */ = {isa = PBXFileReference; lastKnownFileType = folder.assetcatalog; path = Assets.xcassets; sourceTree = "<group>"; };
		18ED38C31C7354520060C6C5 /* Base */ = {isa = PBXFileReference; lastKnownFileType = file.storyboard; name = Base; path = Base.lproj/LaunchScreen.storyboard; sourceTree = "<group>"; };
		18ED38C51C7354520060C6C5 /* Info.plist */ = {isa = PBXFileReference; lastKnownFileType = text.plist.xml; path = Info.plist; sourceTree = "<group>"; };
		18ED38CE1C7367770060C6C5 /* Recipe+CoreDataProperties.swift */ = {isa = PBXFileReference; fileEncoding = 4; lastKnownFileType = sourcecode.swift; name = "Recipe+CoreDataProperties.swift"; path = "../Recipe+CoreDataProperties.swift"; sourceTree = "<group>"; };
		18ED38CF1C7367770060C6C5 /* Recipe.swift */ = {isa = PBXFileReference; fileEncoding = 4; lastKnownFileType = sourcecode.swift; name = Recipe.swift; path = ../Recipe.swift; sourceTree = "<group>"; };
		18ED38D21C736C1A0060C6C5 /* RecipeCell.swift */ = {isa = PBXFileReference; fileEncoding = 4; lastKnownFileType = sourcecode.swift; path = RecipeCell.swift; sourceTree = "<group>"; };
		18ED38D41C73AAA80060C6C5 /* CreateRecipeVCViewController.swift */ = {isa = PBXFileReference; fileEncoding = 4; lastKnownFileType = sourcecode.swift; path = CreateRecipeVCViewController.swift; sourceTree = "<group>"; };
/* End PBXFileReference section */

/* Begin PBXFrameworksBuildPhase section */
		18ED38B01C7354520060C6C5 /* Frameworks */ = {
			isa = PBXFrameworksBuildPhase;
			buildActionMask = 2147483647;
			files = (
			);
			runOnlyForDeploymentPostprocessing = 0;
		};
/* End PBXFrameworksBuildPhase section */

/* Begin PBXGroup section */
		18ED38AA1C7354510060C6C5 = {
			isa = PBXGroup;
			children = (
				18ED38B51C7354520060C6C5 /* ILoveFood */,
				18ED38B41C7354520060C6C5 /* Products */,
			);
			sourceTree = "<group>";
		};
		18ED38B41C7354520060C6C5 /* Products */ = {
			isa = PBXGroup;
			children = (
				18ED38B31C7354520060C6C5 /* ILoveFood.app */,
			);
			name = Products;
			sourceTree = "<group>";
		};
		18ED38B51C7354520060C6C5 /* ILoveFood */ = {
			isa = PBXGroup;
			children = (
				18ED38CD1C7366B80060C6C5 /* Model */,
				18ED38CC1C7366AC0060C6C5 /* View */,
				18ED38CB1C73669B0060C6C5 /* Controller */,
				18ED38B61C7354520060C6C5 /* AppDelegate.swift */,
				18ED38BA1C7354520060C6C5 /* Main.storyboard */,
				18ED38C01C7354520060C6C5 /* Assets.xcassets */,
				18ED38C21C7354520060C6C5 /* LaunchScreen.storyboard */,
				18ED38C51C7354520060C6C5 /* Info.plist */,
				18ED38BD1C7354520060C6C5 /* ILoveFood.xcdatamodeld */,
			);
			path = ILoveFood;
			sourceTree = "<group>";
		};
		18ED38CB1C73669B0060C6C5 /* Controller */ = {
			isa = PBXGroup;
			children = (
				18ED38D41C73AAA80060C6C5 /* CreateRecipeVCViewController.swift */,
			);
			name = Controller;
			sourceTree = "<group>";
		};
		18ED38CC1C7366AC0060C6C5 /* View */ = {
			isa = PBXGroup;
			children = (
				18ED38B81C7354520060C6C5 /* ViewController.swift */,
				18ED38D21C736C1A0060C6C5 /* RecipeCell.swift */,
			);
			name = View;
			sourceTree = "<group>";
		};
		18ED38CD1C7366B80060C6C5 /* Model */ = {
			isa = PBXGroup;
			children = (
				18ED38CE1C7367770060C6C5 /* Recipe+CoreDataProperties.swift */,
				18ED38CF1C7367770060C6C5 /* Recipe.swift */,
			);
			name = Model;
			sourceTree = "<group>";
		};
/* End PBXGroup section */

/* Begin PBXNativeTarget section */
		18ED38B21C7354520060C6C5 /* ILoveFood */ = {
			isa = PBXNativeTarget;
			buildConfigurationList = 18ED38C81C7354530060C6C5 /* Build configuration list for PBXNativeTarget "ILoveFood" */;
			buildPhases = (
				18ED38AF1C7354520060C6C5 /* Sources */,
				18ED38B01C7354520060C6C5 /* Frameworks */,
				18ED38B11C7354520060C6C5 /* Resources */,
			);
			buildRules = (
			);
			dependencies = (
			);
			name = ILoveFood;
			productName = ILoveFood;
			productReference = 18ED38B31C7354520060C6C5 /* ILoveFood.app */;
			productType = "com.apple.product-type.application";
		};
/* End PBXNativeTarget section */

/* Begin PBXProject section */
		18ED38AB1C7354510060C6C5 /* Project object */ = {
			isa = PBXProject;
			attributes = {
				LastSwiftUpdateCheck = 0710;
				LastUpgradeCheck = 0710;
				ORGANIZATIONNAME = "Rodrigo Pena";
				TargetAttributes = {
					18ED38B21C7354520060C6C5 = {
						CreatedOnToolsVersion = 7.1.1;
					};
				};
			};
			buildConfigurationList = 18ED38AE1C7354510060C6C5 /* Build configuration list for PBXProject "ILoveFood" */;
			compatibilityVersion = "Xcode 3.2";
			developmentRegion = English;
			hasScannedForEncodings = 0;
			knownRegions = (
				en,
				Base,
			);
			mainGroup = 18ED38AA1C7354510060C6C5;
			productRefGroup = 18ED38B41C7354520060C6C5 /* Products */;
			projectDirPath = "";
			projectRoot = "";
			targets = (
				18ED38B21C7354520060C6C5 /* ILoveFood */,
			);
		};
/* End PBXProject section */

/* Begin PBXResourcesBuildPhase section */
		18ED38B11C7354520060C6C5 /* Resources */ = {
			isa = PBXResourcesBuildPhase;
			buildActionMask = 2147483647;
			files = (
				18ED38C41C7354520060C6C5 /* LaunchScreen.storyboard in Resources */,
				18ED38C11C7354520060C6C5 /* Assets.xcassets in Resources */,
				18ED38BC1C7354520060C6C5 /* Main.storyboard in Resources */,
			);
			runOnlyForDeploymentPostprocessing = 0;
		};
/* End PBXResourcesBuildPhase section */

/* Begin PBXSourcesBuildPhase section */
		18ED38AF1C7354520060C6C5 /* Sources */ = {
			isa = PBXSourcesBuildPhase;
			buildActionMask = 2147483647;
			files = (
				18ED38B91C7354520060C6C5 /* ViewController.swift in Sources */,
				18ED38B71C7354520060C6C5 /* AppDelegate.swift in Sources */,
				18ED38D01C7367770060C6C5 /* Recipe+CoreDataProperties.swift in Sources */,
				18ED38D31C736C1A0060C6C5 /* RecipeCell.swift in Sources */,
				18ED38D11C7367770060C6C5 /* Recipe.swift in Sources */,
				18ED38D51C73AAA80060C6C5 /* CreateRecipeVCViewController.swift in Sources */,
				18ED38BF1C7354520060C6C5 /* ILoveFood.xcdatamodeld in Sources */,
			);
			runOnlyForDeploymentPostprocessing = 0;
		};
/* End PBXSourcesBuildPhase section */

/* Begin PBXVariantGroup section */
		18ED38BA1C7354520060C6C5 /* Main.storyboard */ = {
			isa = PBXVariantGroup;
			children = (
				18ED38BB1C7354520060C6C5 /* Base */,
			);
			name = Main.storyboard;
			sourceTree = "<group>";
		};
		18ED38C21C7354520060C6C5 /* LaunchScreen.storyboard */ = {
			isa = PBXVariantGroup;
			children = (
				18ED38C31C7354520060C6C5 /* Base */,
			);
			name = LaunchScreen.storyboard;
			sourceTree = "<group>";
		};
/* End PBXVariantGroup section */

/* Begin XCBuildConfiguration section */
		18ED38C61C7354530060C6C5 /* Debug */ = {
			isa = XCBuildConfiguration;
			buildSettings = {
				ALWAYS_SEARCH_USER_PATHS = NO;
				CLANG_CXX_LANGUAGE_STANDARD = "gnu++0x";
				CLANG_CXX_LIBRARY = "libc++";
				CLANG_ENABLE_MODULES = YES;
				CLANG_ENABLE_OBJC_ARC = YES;
				CLANG_WARN_BOOL_CONVERSION = YES;
				CLANG_WARN_CONSTANT_CONVERSION = YES;
				CLANG_WARN_DIRECT_OBJC_ISA_USAGE = YES_ERROR;
				CLANG_WARN_EMPTY_BODY = YES;
				CLANG_WARN_ENUM_CONVERSION = YES;
				CLANG_WARN_INT_CONVERSION = YES;
				CLANG_WARN_OBJC_ROOT_CLASS = YES_ERROR;
				CLANG_WARN_UNREACHABLE_CODE = YES;
				CLANG_WARN__DUPLICATE_METHOD_MATCH = YES;
				"CODE_SIGN_IDENTITY[sdk=iphoneos*]" = "iPhone Developer";
				COPY_PHASE_STRIP = NO;
				DEBUG_INFORMATION_FORMAT = dwarf;
				ENABLE_STRICT_OBJC_MSGSEND = YES;
				ENABLE_TESTABILITY = YES;
				GCC_C_LANGUAGE_STANDARD = gnu99;
				GCC_DYNAMIC_NO_PIC = NO;
				GCC_NO_COMMON_BLOCKS = YES;
				GCC_OPTIMIZATION_LEVEL = 0;
				GCC_PREPROCESSOR_DEFINITIONS = (
					"DEBUG=1",
					"$(inherited)",
				);
				GCC_WARN_64_TO_32_BIT_CONVERSION = YES;
				GCC_WARN_ABOUT_RETURN_TYPE = YES_ERROR;
				GCC_WARN_UNDECLARED_SELECTOR = YES;
				GCC_WARN_UNINITIALIZED_AUTOS = YES_AGGRESSIVE;
				GCC_WARN_UNUSED_FUNCTION = YES;
				GCC_WARN_UNUSED_VARIABLE = YES;
				IPHONEOS_DEPLOYMENT_TARGET = 9.1;
				MTL_ENABLE_DEBUG_INFO = YES;
				ONLY_ACTIVE_ARCH = YES;
				SDKROOT = iphoneos;
				SWIFT_OPTIMIZATION_LEVEL = "-Onone";
				TARGETED_DEVICE_FAMILY = "1,2";
			};
			name = Debug;
		};
		18ED38C71C7354530060C6C5 /* Release */ = {
			isa = XCBuildConfiguration;
			buildSettings = {
				ALWAYS_SEARCH_USER_PATHS = NO;
				CLANG_CXX_LANGUAGE_STANDARD = "gnu++0x";
				CLANG_CXX_LIBRARY = "libc++";
				CLANG_ENABLE_MODULES = YES;
				CLANG_ENABLE_OBJC_ARC = YES;
				CLANG_WARN_BOOL_CONVERSION = YES;
				CLANG_WARN_CONSTANT_CONVERSION = YES;
				CLANG_WARN_DIRECT_OBJC_ISA_USAGE = YES_ERROR;
				CLANG_WARN_EMPTY_BODY = YES;
				CLANG_WARN_ENUM_CONVERSION = YES;
				CLANG_WARN_INT_CONVERSION = YES;
				CLANG_WARN_OBJC_ROOT_CLASS = YES_ERROR;
				CLANG_WARN_UNREACHABLE_CODE = YES;
				CLANG_WARN__DUPLICATE_METHOD_MATCH = YES;
				"CODE_SIGN_IDENTITY[sdk=iphoneos*]" = "iPhone Developer";
				COPY_PHASE_STRIP = NO;
				DEBUG_INFORMATION_FORMAT = "dwarf-with-dsym";
				ENABLE_NS_ASSERTIONS = NO;
				ENABLE_STRICT_OBJC_MSGSEND = YES;
				GCC_C_LANGUAGE_STANDARD = gnu99;
				GCC_NO_COMMON_BLOCKS = YES;
				GCC_WARN_64_TO_32_BIT_CONVERSION = YES;
				GCC_WARN_ABOUT_RETURN_TYPE = YES_ERROR;
				GCC_WARN_UNDECLARED_SELECTOR = YES;
				GCC_WARN_UNINITIALIZED_AUTOS = YES_AGGRESSIVE;
				GCC_WARN_UNUSED_FUNCTION = YES;
				GCC_WARN_UNUSED_VARIABLE = YES;
				IPHONEOS_DEPLOYMENT_TARGET = 9.1;
				MTL_ENABLE_DEBUG_INFO = NO;
				SDKROOT = iphoneos;
				TARGETED_DEVICE_FAMILY = "1,2";
				VALIDATE_PRODUCT = YES;
			};
			name = Release;
		};
		18ED38C91C7354530060C6C5 /* Debug */ = {
			isa = XCBuildConfiguration;
			buildSettings = {
				ASSETCATALOG_COMPILER_APPICON_NAME = AppIcon;
				INFOPLIST_FILE = ILoveFood/Info.plist;
				LD_RUNPATH_SEARCH_PATHS = "$(inherited) @executable_path/Frameworks";
				PRODUCT_BUNDLE_IDENTIFIER = com.Swift.ILoveFood;
				PRODUCT_NAME = "$(TARGET_NAME)";
			};
			name = Debug;
		};
		18ED38CA1C7354530060C6C5 /* Release */ = {
			isa = XCBuildConfiguration;
			buildSettings = {
				ASSETCATALOG_COMPILER_APPICON_NAME = AppIcon;
				INFOPLIST_FILE = ILoveFood/Info.plist;
				LD_RUNPATH_SEARCH_PATHS = "$(inherited) @executable_path/Frameworks";
				PRODUCT_BUNDLE_IDENTIFIER = com.Swift.ILoveFood;
				PRODUCT_NAME = "$(TARGET_NAME)";
			};
			name = Release;
		};
/* End XCBuildConfiguration section */

/* Begin XCConfigurationList section */
		18ED38AE1C7354510060C6C5 /* Build configuration list for PBXProject "ILoveFood" */ = {
			isa = XCConfigurationList;
			buildConfigurations = (
				18ED38C61C7354530060C6C5 /* Debug */,
				18ED38C71C7354530060C6C5 /* Release */,
			);
			defaultConfigurationIsVisible = 0;
			defaultConfigurationName = Release;
		};
		18ED38C81C7354530060C6C5 /* Build configuration list for PBXNativeTarget "ILoveFood" */ = {
			isa = XCConfigurationList;
			buildConfigurations = (
				18ED38C91C7354530060C6C5 /* Debug */,
				18ED38CA1C7354530060C6C5 /* Release */,
			);
			defaultConfigurationIsVisible = 0;
			defaultConfigurationName = Release;
		};
/* End XCConfigurationList section */

/* Begin XCVersionGroup section */
		18ED38BD1C7354520060C6C5 /* ILoveFood.xcdatamodeld */ = {
			isa = XCVersionGroup;
			children = (
				18ED38BE1C7354520060C6C5 /* ILoveFood.xcdatamodel */,
			);
			currentVersion = 18ED38BE1C7354520060C6C5 /* ILoveFood.xcdatamodel */;
			path = ILoveFood.xcdatamodeld;
			sourceTree = "<group>";
			versionGroupType = wrapper.xcdatamodel;
		};
/* End XCVersionGroup section */
	};
	rootObject = 18ED38AB1C7354510060C6C5 /* Project object */;
}
